{
  "object": {
    "pins": [
      {
        "package": "TerraSwift",
        "repositoryURL": "https://github.com/tryterra/TerraSwift",
        "state": {
          "branch": "main",
          "revision": "22de4537b736c2b28f9297e7950dd664645db552",
          "version": null
        }
      }
    ]
  },
  "version": 1
}
