{
  "object": {
    "pins": [
      {
        "package": "TerraSwift",
        "repositoryURL": "https://github.com/tryterra/TerraSwift",
        "state": {
          "branch": "main",
          "revision": "8a2b3aff587aaf3e2594aef0b11895a5544645cb",
          "version": null
        }
      }
    ]
  },
  "version": 1
}
