{
  "object": {
    "pins": [
      {
        "package": "TerraSwift",
        "repositoryURL": "https://github.com/tryterra/TerraSwift",
        "state": {
          "branch": "main",
          "revision": "a69a760f92e0bd8eb99a325392e7e68381ccd85b",
          "version": null
        }
      }
    ]
  },
  "version": 1
}
