// !$*UTF8*$!
{
	archiveVersion = 1;
	classes = {
	};
	objectVersion = 55;
	objects = {

/* Begin PBXBuildFile section */
		9B9A003326FC90100017C153 /* TerraApp.swift in Sources */ = {isa = PBXBuildFile; fileRef = 9B9A003226FC90100017C153 /* TerraApp.swift */; };
		9B9A003526FC90100017C153 /* ContentView.swift in Sources */ = {isa = PBXBuildFile; fileRef = 9B9A003426FC90100017C153 /* ContentView.swift */; };
		9B9A003726FC90130017C153 /* Assets.xcassets in Resources */ = {isa = PBXBuildFile; fileRef = 9B9A003626FC90130017C153 /* Assets.xcassets */; };
		9B9A003A26FC90130017C153 /* Preview Assets.xcassets in Resources */ = {isa = PBXBuildFile; fileRef = 9B9A003926FC90130017C153 /* Preview Assets.xcassets */; };
		9B9A003C26FC90130017C153 /* Persistence.swift in Sources */ = {isa = PBXBuildFile; fileRef = 9B9A003B26FC90130017C153 /* Persistence.swift */; };
		9B9A003F26FC90130017C153 /* Terra.xcdatamodeld in Sources */ = {isa = PBXBuildFile; fileRef = 9B9A003D26FC90130017C153 /* Terra.xcdatamodeld */; };
		9B9A004926FC90130017C153 /* TerraTests.swift in Sources */ = {isa = PBXBuildFile; fileRef = 9B9A004826FC90130017C153 /* TerraTests.swift */; };
		9B9A005326FC90130017C153 /* TerraUITests.swift in Sources */ = {isa = PBXBuildFile; fileRef = 9B9A005226FC90130017C153 /* TerraUITests.swift */; };
		9B9A005526FC90130017C153 /* TerraUITestsLaunchTests.swift in Sources */ = {isa = PBXBuildFile; fileRef = 9B9A005426FC90130017C153 /* TerraUITestsLaunchTests.swift */; };
/* End PBXBuildFile section */

/* Begin PBXContainerItemProxy section */
		9B9A004526FC90130017C153 /* PBXContainerItemProxy */ = {
			isa = PBXContainerItemProxy;
			containerPortal = 9B9A002726FC90100017C153 /* Project object */;
			proxyType = 1;
			remoteGlobalIDString = 9B9A002E26FC90100017C153;
			remoteInfo = Terra;
		};
		9B9A004F26FC90130017C153 /* PBXContainerItemProxy */ = {
			isa = PBXContainerItemProxy;
			containerPortal = 9B9A002726FC90100017C153 /* Project object */;
			proxyType = 1;
			remoteGlobalIDString = 9B9A002E26FC90100017C153;
			remoteInfo = Terra;
		};
/* End PBXContainerItemProxy section */

/* Begin PBXFileReference section */
		9B9A002F26FC90100017C153 /* Terra.app */ = {isa = PBXFileReference; explicitFileType = wrapper.application; includeInIndex = 0; path = Terra.app; sourceTree = BUILT_PRODUCTS_DIR; };
		9B9A003226FC90100017C153 /* TerraApp.swift */ = {isa = PBXFileReference; lastKnownFileType = sourcecode.swift; path = TerraApp.swift; sourceTree = "<group>"; };
		9B9A003426FC90100017C153 /* ContentView.swift */ = {isa = PBXFileReference; lastKnownFileType = sourcecode.swift; path = ContentView.swift; sourceTree = "<group>"; };
		9B9A003626FC90130017C153 /* Assets.xcassets */ = {isa = PBXFileReference; lastKnownFileType = folder.assetcatalog; path = Assets.xcassets; sourceTree = "<group>"; };
		9B9A003926FC90130017C153 /* Preview Assets.xcassets */ = {isa = PBXFileReference; lastKnownFileType = folder.assetcatalog; path = "Preview Assets.xcassets"; sourceTree = "<group>"; };
		9B9A003B26FC90130017C153 /* Persistence.swift */ = {isa = PBXFileReference; lastKnownFileType = sourcecode.swift; path = Persistence.swift; sourceTree = "<group>"; };
		9B9A003E26FC90130017C153 /* Terra.xcdatamodel */ = {isa = PBXFileReference; lastKnownFileType = wrapper.xcdatamodel; path = Terra.xcdatamodel; sourceTree = "<group>"; };
		9B9A004426FC90130017C153 /* TerraTests.xctest */ = {isa = PBXFileReference; explicitFileType = wrapper.cfbundle; includeInIndex = 0; path = TerraTests.xctest; sourceTree = BUILT_PRODUCTS_DIR; };
		9B9A004826FC90130017C153 /* TerraTests.swift */ = {isa = PBXFileReference; lastKnownFileType = sourcecode.swift; path = TerraTests.swift; sourceTree = "<group>"; };
		9B9A004E26FC90130017C153 /* TerraUITests.xctest */ = {isa = PBXFileReference; explicitFileType = wrapper.cfbundle; includeInIndex = 0; path = TerraUITests.xctest; sourceTree = BUILT_PRODUCTS_DIR; };
		9B9A005226FC90130017C153 /* TerraUITests.swift */ = {isa = PBXFileReference; lastKnownFileType = sourcecode.swift; path = TerraUITests.swift; sourceTree = "<group>"; };
		9B9A005426FC90130017C153 /* TerraUITestsLaunchTests.swift */ = {isa = PBXFileReference; lastKnownFileType = sourcecode.swift; path = TerraUITestsLaunchTests.swift; sourceTree = "<group>"; };
/* End PBXFileReference section */

/* Begin PBXFrameworksBuildPhase section */
		9B9A002C26FC90100017C153 /* Frameworks */ = {
			isa = PBXFrameworksBuildPhase;
			buildActionMask = 2147483647;
			files = (
			);
			runOnlyForDeploymentPostprocessing = 0;
		};
		9B9A004126FC90130017C153 /* Frameworks */ = {
			isa = PBXFrameworksBuildPhase;
			buildActionMask = 2147483647;
			files = (
			);
			runOnlyForDeploymentPostprocessing = 0;
		};
		9B9A004B26FC90130017C153 /* Frameworks */ = {
			isa = PBXFrameworksBuildPhase;
			buildActionMask = 2147483647;
			files = (
			);
			runOnlyForDeploymentPostprocessing = 0;
		};
/* End PBXFrameworksBuildPhase section */

/* Begin PBXGroup section */
		9B9A002626FC90100017C153 = {
			isa = PBXGroup;
			children = (
				9B9A003126FC90100017C153 /* Terra */,
				9B9A004726FC90130017C153 /* TerraTests */,
				9B9A005126FC90130017C153 /* TerraUITests */,
				9B9A003026FC90100017C153 /* Products */,
			);
			sourceTree = "<group>";
		};
		9B9A003026FC90100017C153 /* Products */ = {
			isa = PBXGroup;
			children = (
				9B9A002F26FC90100017C153 /* Terra.app */,
				9B9A004426FC90130017C153 /* TerraTests.xctest */,
				9B9A004E26FC90130017C153 /* TerraUITests.xctest */,
			);
			name = Products;
			sourceTree = "<group>";
		};
		9B9A003126FC90100017C153 /* Terra */ = {
			isa = PBXGroup;
			children = (
				9B9A003226FC90100017C153 /* TerraApp.swift */,
				9B9A003426FC90100017C153 /* ContentView.swift */,
				9B9A003626FC90130017C153 /* Assets.xcassets */,
				9B9A003B26FC90130017C153 /* Persistence.swift */,
				9B9A003D26FC90130017C153 /* Terra.xcdatamodeld */,
				9B9A003826FC90130017C153 /* Preview Content */,
			);
			path = Terra;
			sourceTree = "<group>";
		};
		9B9A003826FC90130017C153 /* Preview Content */ = {
			isa = PBXGroup;
			children = (
				9B9A003926FC90130017C153 /* Preview Assets.xcassets */,
			);
			path = "Preview Content";
			sourceTree = "<group>";
		};
		9B9A004726FC90130017C153 /* TerraTests */ = {
			isa = PBXGroup;
			children = (
				9B9A004826FC90130017C153 /* TerraTests.swift */,
			);
			path = TerraTests;
			sourceTree = "<group>";
		};
		9B9A005126FC90130017C153 /* TerraUITests */ = {
			isa = PBXGroup;
			children = (
				9B9A005226FC90130017C153 /* TerraUITests.swift */,
				9B9A005426FC90130017C153 /* TerraUITestsLaunchTests.swift */,
			);
			path = TerraUITests;
			sourceTree = "<group>";
		};
/* End PBXGroup section */

/* Begin PBXNativeTarget section */
		9B9A002E26FC90100017C153 /* Terra */ = {
			isa = PBXNativeTarget;
			buildConfigurationList = 9B9A005826FC90130017C153 /* Build configuration list for PBXNativeTarget "Terra" */;
			buildPhases = (
				9B9A002B26FC90100017C153 /* Sources */,
				9B9A002C26FC90100017C153 /* Frameworks */,
				9B9A002D26FC90100017C153 /* Resources */,
			);
			buildRules = (
			);
			dependencies = (
			);
			name = Terra;
			productName = Terra;
			productReference = 9B9A002F26FC90100017C153 /* Terra.app */;
			productType = "com.apple.product-type.application";
		};
		9B9A004326FC90130017C153 /* TerraTests */ = {
			isa = PBXNativeTarget;
			buildConfigurationList = 9B9A005B26FC90130017C153 /* Build configuration list for PBXNativeTarget "TerraTests" */;
			buildPhases = (
				9B9A004026FC90130017C153 /* Sources */,
				9B9A004126FC90130017C153 /* Frameworks */,
				9B9A004226FC90130017C153 /* Resources */,
			);
			buildRules = (
			);
			dependencies = (
				9B9A004626FC90130017C153 /* PBXTargetDependency */,
			);
			name = TerraTests;
			productName = TerraTests;
			productReference = 9B9A004426FC90130017C153 /* TerraTests.xctest */;
			productType = "com.apple.product-type.bundle.unit-test";
		};
		9B9A004D26FC90130017C153 /* TerraUITests */ = {
			isa = PBXNativeTarget;
			buildConfigurationList = 9B9A005E26FC90130017C153 /* Build configuration list for PBXNativeTarget "TerraUITests" */;
			buildPhases = (
				9B9A004A26FC90130017C153 /* Sources */,
				9B9A004B26FC90130017C153 /* Frameworks */,
				9B9A004C26FC90130017C153 /* Resources */,
			);
			buildRules = (
			);
			dependencies = (
				9B9A005026FC90130017C153 /* PBXTargetDependency */,
			);
			name = TerraUITests;
			productName = TerraUITests;
			productReference = 9B9A004E26FC90130017C153 /* TerraUITests.xctest */;
			productType = "com.apple.product-type.bundle.ui-testing";
		};
/* End PBXNativeTarget section */

/* Begin PBXProject section */
		9B9A002726FC90100017C153 /* Project object */ = {
			isa = PBXProject;
			attributes = {
				BuildIndependentTargetsInParallel = 1;
				LastSwiftUpdateCheck = 1300;
				LastUpgradeCheck = 1300;
				TargetAttributes = {
					9B9A002E26FC90100017C153 = {
						CreatedOnToolsVersion = 13.0;
					};
					9B9A004326FC90130017C153 = {
						CreatedOnToolsVersion = 13.0;
						TestTargetID = 9B9A002E26FC90100017C153;
					};
					9B9A004D26FC90130017C153 = {
						CreatedOnToolsVersion = 13.0;
						TestTargetID = 9B9A002E26FC90100017C153;
					};
				};
			};
			buildConfigurationList = 9B9A002A26FC90100017C153 /* Build configuration list for PBXProject "Terra" */;
			compatibilityVersion = "Xcode 13.0";
			developmentRegion = en;
			hasScannedForEncodings = 0;
			knownRegions = (
				en,
				Base,
			);
			mainGroup = 9B9A002626FC90100017C153;
			productRefGroup = 9B9A003026FC90100017C153 /* Products */;
			projectDirPath = "";
			projectRoot = "";
			targets = (
				9B9A002E26FC90100017C153 /* Terra */,
				9B9A004326FC90130017C153 /* TerraTests */,
				9B9A004D26FC90130017C153 /* TerraUITests */,
			);
		};
/* End PBXProject section */

/* Begin PBXResourcesBuildPhase section */
		9B9A002D26FC90100017C153 /* Resources */ = {
			isa = PBXResourcesBuildPhase;
			buildActionMask = 2147483647;
			files = (
				9B9A003A26FC90130017C153 /* Preview Assets.xcassets in Resources */,
				9B9A003726FC90130017C153 /* Assets.xcassets in Resources */,
			);
			runOnlyForDeploymentPostprocessing = 0;
		};
		9B9A004226FC90130017C153 /* Resources */ = {
			isa = PBXResourcesBuildPhase;
			buildActionMask = 2147483647;
			files = (
			);
			runOnlyForDeploymentPostprocessing = 0;
		};
		9B9A004C26FC90130017C153 /* Resources */ = {
			isa = PBXResourcesBuildPhase;
			buildActionMask = 2147483647;
			files = (
			);
			runOnlyForDeploymentPostprocessing = 0;
		};
/* End PBXResourcesBuildPhase section */

/* Begin PBXSourcesBuildPhase section */
		9B9A002B26FC90100017C153 /* Sources */ = {
			isa = PBXSourcesBuildPhase;
			buildActionMask = 2147483647;
			files = (
				9B9A003F26FC90130017C153 /* Terra.xcdatamodeld in Sources */,
				9B9A003C26FC90130017C153 /* Persistence.swift in Sources */,
				9B9A003526FC90100017C153 /* ContentView.swift in Sources */,
				9B9A003326FC90100017C153 /* TerraApp.swift in Sources */,
			);
			runOnlyForDeploymentPostprocessing = 0;
		};
		9B9A004026FC90130017C153 /* Sources */ = {
			isa = PBXSourcesBuildPhase;
			buildActionMask = 2147483647;
			files = (
				9B9A004926FC90130017C153 /* TerraTests.swift in Sources */,
			);
			runOnlyForDeploymentPostprocessing = 0;
		};
		9B9A004A26FC90130017C153 /* Sources */ = {
			isa = PBXSourcesBuildPhase;
			buildActionMask = 2147483647;
			files = (
				9B9A005326FC90130017C153 /* TerraUITests.swift in Sources */,
				9B9A005526FC90130017C153 /* TerraUITestsLaunchTests.swift in Sources */,
			);
			runOnlyForDeploymentPostprocessing = 0;
		};
/* End PBXSourcesBuildPhase section */

/* Begin PBXTargetDependency section */
		9B9A004626FC90130017C153 /* PBXTargetDependency */ = {
			isa = PBXTargetDependency;
			target = 9B9A002E26FC90100017C153 /* Terra */;
			targetProxy = 9B9A004526FC90130017C153 /* PBXContainerItemProxy */;
		};
		9B9A005026FC90130017C153 /* PBXTargetDependency */ = {
			isa = PBXTargetDependency;
			target = 9B9A002E26FC90100017C153 /* Terra */;
			targetProxy = 9B9A004F26FC90130017C153 /* PBXContainerItemProxy */;
		};
/* End PBXTargetDependency section */

/* Begin XCBuildConfiguration section */
		9B9A005626FC90130017C153 /* Debug */ = {
			isa = XCBuildConfiguration;
			buildSettings = {
				ALWAYS_SEARCH_USER_PATHS = NO;
				CLANG_ANALYZER_NONNULL = YES;
				CLANG_ANALYZER_NUMBER_OBJECT_CONVERSION = YES_AGGRESSIVE;
				CLANG_CXX_LANGUAGE_STANDARD = "gnu++17";
				CLANG_CXX_LIBRARY = "libc++";
				CLANG_ENABLE_MODULES = YES;
				CLANG_ENABLE_OBJC_ARC = YES;
				CLANG_ENABLE_OBJC_WEAK = YES;
				CLANG_WARN_BLOCK_CAPTURE_AUTORELEASING = YES;
				CLANG_WARN_BOOL_CONVERSION = YES;
				CLANG_WARN_COMMA = YES;
				CLANG_WARN_CONSTANT_CONVERSION = YES;
				CLANG_WARN_DEPRECATED_OBJC_IMPLEMENTATIONS = YES;
				CLANG_WARN_DIRECT_OBJC_ISA_USAGE = YES_ERROR;
				CLANG_WARN_DOCUMENTATION_COMMENTS = YES;
				CLANG_WARN_EMPTY_BODY = YES;
				CLANG_WARN_ENUM_CONVERSION = YES;
				CLANG_WARN_INFINITE_RECURSION = YES;
				CLANG_WARN_INT_CONVERSION = YES;
				CLANG_WARN_NON_LITERAL_NULL_CONVERSION = YES;
				CLANG_WARN_OBJC_IMPLICIT_RETAIN_SELF = YES;
				CLANG_WARN_OBJC_LITERAL_CONVERSION = YES;
				CLANG_WARN_OBJC_ROOT_CLASS = YES_ERROR;
				CLANG_WARN_QUOTED_INCLUDE_IN_FRAMEWORK_HEADER = YES;
				CLANG_WARN_RANGE_LOOP_ANALYSIS = YES;
				CLANG_WARN_STRICT_PROTOTYPES = YES;
				CLANG_WARN_SUSPICIOUS_MOVE = YES;
				CLANG_WARN_UNGUARDED_AVAILABILITY = YES_AGGRESSIVE;
				CLANG_WARN_UNREACHABLE_CODE = YES;
				CLANG_WARN__DUPLICATE_METHOD_MATCH = YES;
				COPY_PHASE_STRIP = NO;
				DEBUG_INFORMATION_FORMAT = dwarf;
				ENABLE_STRICT_OBJC_MSGSEND = YES;
				ENABLE_TESTABILITY = YES;
				GCC_C_LANGUAGE_STANDARD = gnu11;
				GCC_DYNAMIC_NO_PIC = NO;
				GCC_NO_COMMON_BLOCKS = YES;
				GCC_OPTIMIZATION_LEVEL = 0;
				GCC_PREPROCESSOR_DEFINITIONS = (
					"DEBUG=1",
					"$(inherited)",
				);
				GCC_WARN_64_TO_32_BIT_CONVERSION = YES;
				GCC_WARN_ABOUT_RETURN_TYPE = YES_ERROR;
				GCC_WARN_UNDECLARED_SELECTOR = YES;
				GCC_WARN_UNINITIALIZED_AUTOS = YES_AGGRESSIVE;
				GCC_WARN_UNUSED_FUNCTION = YES;
				GCC_WARN_UNUSED_VARIABLE = YES;
				IPHONEOS_DEPLOYMENT_TARGET = 15.0;
				MTL_ENABLE_DEBUG_INFO = INCLUDE_SOURCE;
				MTL_FAST_MATH = YES;
				ONLY_ACTIVE_ARCH = YES;
				SDKROOT = iphoneos;
				SWIFT_ACTIVE_COMPILATION_CONDITIONS = DEBUG;
				SWIFT_OPTIMIZATION_LEVEL = "-Onone";
			};
			name = Debug;
		};
		9B9A005726FC90130017C153 /* Release */ = {
			isa = XCBuildConfiguration;
			buildSettings = {
				ALWAYS_SEARCH_USER_PATHS = NO;
				CLANG_ANALYZER_NONNULL = YES;
				CLANG_ANALYZER_NUMBER_OBJECT_CONVERSION = YES_AGGRESSIVE;
				CLANG_CXX_LANGUAGE_STANDARD = "gnu++17";
				CLANG_CXX_LIBRARY = "libc++";
				CLANG_ENABLE_MODULES = YES;
				CLANG_ENABLE_OBJC_ARC = YES;
				CLANG_ENABLE_OBJC_WEAK = YES;
				CLANG_WARN_BLOCK_CAPTURE_AUTORELEASING = YES;
				CLANG_WARN_BOOL_CONVERSION = YES;
				CLANG_WARN_COMMA = YES;
				CLANG_WARN_CONSTANT_CONVERSION = YES;
				CLANG_WARN_DEPRECATED_OBJC_IMPLEMENTATIONS = YES;
				CLANG_WARN_DIRECT_OBJC_ISA_USAGE = YES_ERROR;
				CLANG_WARN_DOCUMENTATION_COMMENTS = YES;
				CLANG_WARN_EMPTY_BODY = YES;
				CLANG_WARN_ENUM_CONVERSION = YES;
				CLANG_WARN_INFINITE_RECURSION = YES;
				CLANG_WARN_INT_CONVERSION = YES;
				CLANG_WARN_NON_LITERAL_NULL_CONVERSION = YES;
				CLANG_WARN_OBJC_IMPLICIT_RETAIN_SELF = YES;
				CLANG_WARN_OBJC_LITERAL_CONVERSION = YES;
				CLANG_WARN_OBJC_ROOT_CLASS = YES_ERROR;
				CLANG_WARN_QUOTED_INCLUDE_IN_FRAMEWORK_HEADER = YES;
				CLANG_WARN_RANGE_LOOP_ANALYSIS = YES;
				CLANG_WARN_STRICT_PROTOTYPES = YES;
				CLANG_WARN_SUSPICIOUS_MOVE = YES;
				CLANG_WARN_UNGUARDED_AVAILABILITY = YES_AGGRESSIVE;
				CLANG_WARN_UNREACHABLE_CODE = YES;
				CLANG_WARN__DUPLICATE_METHOD_MATCH = YES;
				COPY_PHASE_STRIP = NO;
				DEBUG_INFORMATION_FORMAT = "dwarf-with-dsym";
				ENABLE_NS_ASSERTIONS = NO;
				ENABLE_STRICT_OBJC_MSGSEND = YES;
				GCC_C_LANGUAGE_STANDARD = gnu11;
				GCC_NO_COMMON_BLOCKS = YES;
				GCC_WARN_64_TO_32_BIT_CONVERSION = YES;
				GCC_WARN_ABOUT_RETURN_TYPE = YES_ERROR;
				GCC_WARN_UNDECLARED_SELECTOR = YES;
				GCC_WARN_UNINITIALIZED_AUTOS = YES_AGGRESSIVE;
				GCC_WARN_UNUSED_FUNCTION = YES;
				GCC_WARN_UNUSED_VARIABLE = YES;
				IPHONEOS_DEPLOYMENT_TARGET = 15.0;
				MTL_ENABLE_DEBUG_INFO = NO;
				MTL_FAST_MATH = YES;
				SDKROOT = iphoneos;
				SWIFT_COMPILATION_MODE = wholemodule;
				SWIFT_OPTIMIZATION_LEVEL = "-O";
				VALIDATE_PRODUCT = YES;
			};
			name = Release;
		};
		9B9A005926FC90130017C153 /* Debug */ = {
			isa = XCBuildConfiguration;
			buildSettings = {
				ASSETCATALOG_COMPILER_APPICON_NAME = AppIcon;
				ASSETCATALOG_COMPILER_GLOBAL_ACCENT_COLOR_NAME = AccentColor;
				CODE_SIGN_STYLE = Automatic;
				CURRENT_PROJECT_VERSION = 1;
				DEVELOPMENT_ASSET_PATHS = "\"Terra/Preview Content\"";
				ENABLE_PREVIEWS = YES;
				GENERATE_INFOPLIST_FILE = YES;
				INFOPLIST_KEY_UIApplicationSceneManifest_Generation = YES;
				INFOPLIST_KEY_UIApplicationSupportsIndirectInputEvents = YES;
				INFOPLIST_KEY_UILaunchScreen_Generation = YES;
				INFOPLIST_KEY_UISupportedInterfaceOrientations_iPad = "UIInterfaceOrientationPortrait UIInterfaceOrientationPortraitUpsideDown UIInterfaceOrientationLandscapeLeft UIInterfaceOrientationLandscapeRight";
				INFOPLIST_KEY_UISupportedInterfaceOrientations_iPhone = "UIInterfaceOrientationPortrait UIInterfaceOrientationLandscapeLeft UIInterfaceOrientationLandscapeRight";
				IPHONEOS_DEPLOYMENT_TARGET = 14.0;
				LD_RUNPATH_SEARCH_PATHS = (
					"$(inherited)",
					"@executable_path/Frameworks",
				);
				MARKETING_VERSION = 1.0;
				PRODUCT_BUNDLE_IDENTIFIER = terra.Terra;
				PRODUCT_NAME = "$(TARGET_NAME)";
				SWIFT_EMIT_LOC_STRINGS = YES;
				SWIFT_VERSION = 5.0;
				TARGETED_DEVICE_FAMILY = "1,2";
			};
			name = Debug;
		};
		9B9A005A26FC90130017C153 /* Release */ = {
			isa = XCBuildConfiguration;
			buildSettings = {
				ASSETCATALOG_COMPILER_APPICON_NAME = AppIcon;
				ASSETCATALOG_COMPILER_GLOBAL_ACCENT_COLOR_NAME = AccentColor;
				CODE_SIGN_STYLE = Automatic;
				CURRENT_PROJECT_VERSION = 1;
				DEVELOPMENT_ASSET_PATHS = "\"Terra/Preview Content\"";
				ENABLE_PREVIEWS = YES;
				GENERATE_INFOPLIST_FILE = YES;
				INFOPLIST_KEY_UIApplicationSceneManifest_Generation = YES;
				INFOPLIST_KEY_UIApplicationSupportsIndirectInputEvents = YES;
				INFOPLIST_KEY_UILaunchScreen_Generation = YES;
				INFOPLIST_KEY_UISupportedInterfaceOrientations_iPad = "UIInterfaceOrientationPortrait UIInterfaceOrientationPortraitUpsideDown UIInterfaceOrientationLandscapeLeft UIInterfaceOrientationLandscapeRight";
				INFOPLIST_KEY_UISupportedInterfaceOrientations_iPhone = "UIInterfaceOrientationPortrait UIInterfaceOrientationLandscapeLeft UIInterfaceOrientationLandscapeRight";
				IPHONEOS_DEPLOYMENT_TARGET = 14.0;
				LD_RUNPATH_SEARCH_PATHS = (
					"$(inherited)",
					"@executable_path/Frameworks",
				);
				MARKETING_VERSION = 1.0;
				PRODUCT_BUNDLE_IDENTIFIER = terra.Terra;
				PRODUCT_NAME = "$(TARGET_NAME)";
				SWIFT_EMIT_LOC_STRINGS = YES;
				SWIFT_VERSION = 5.0;
				TARGETED_DEVICE_FAMILY = "1,2";
			};
			name = Release;
		};
		9B9A005C26FC90130017C153 /* Debug */ = {
			isa = XCBuildConfiguration;
			buildSettings = {
				ALWAYS_EMBED_SWIFT_STANDARD_LIBRARIES = YES;
				BUNDLE_LOADER = "$(TEST_HOST)";
				CODE_SIGN_STYLE = Automatic;
				CURRENT_PROJECT_VERSION = 1;
				GENERATE_INFOPLIST_FILE = YES;
				IPHONEOS_DEPLOYMENT_TARGET = 14.0;
				LD_RUNPATH_SEARCH_PATHS = (
					"$(inherited)",
					"@executable_path/Frameworks",
					"@loader_path/Frameworks",
				);
				MARKETING_VERSION = 1.0;
				PRODUCT_BUNDLE_IDENTIFIER = terra.TerraTests;
				PRODUCT_NAME = "$(TARGET_NAME)";
				SWIFT_EMIT_LOC_STRINGS = NO;
				SWIFT_VERSION = 5.0;
				TARGETED_DEVICE_FAMILY = "1,2";
				TEST_HOST = "$(BUILT_PRODUCTS_DIR)/Terra.app/Terra";
			};
			name = Debug;
		};
		9B9A005D26FC90130017C153 /* Release */ = {
			isa = XCBuildConfiguration;
			buildSettings = {
				ALWAYS_EMBED_SWIFT_STANDARD_LIBRARIES = YES;
				BUNDLE_LOADER = "$(TEST_HOST)";
				CODE_SIGN_STYLE = Automatic;
				CURRENT_PROJECT_VERSION = 1;
				GENERATE_INFOPLIST_FILE = YES;
				IPHONEOS_DEPLOYMENT_TARGET = 14.0;
				LD_RUNPATH_SEARCH_PATHS = (
					"$(inherited)",
					"@executable_path/Frameworks",
					"@loader_path/Frameworks",
				);
				MARKETING_VERSION = 1.0;
				PRODUCT_BUNDLE_IDENTIFIER = terra.TerraTests;
				PRODUCT_NAME = "$(TARGET_NAME)";
				SWIFT_EMIT_LOC_STRINGS = NO;
				SWIFT_VERSION = 5.0;
				TARGETED_DEVICE_FAMILY = "1,2";
				TEST_HOST = "$(BUILT_PRODUCTS_DIR)/Terra.app/Terra";
			};
			name = Release;
		};
		9B9A005F26FC90130017C153 /* Debug */ = {
			isa = XCBuildConfiguration;
			buildSettings = {
				ALWAYS_EMBED_SWIFT_STANDARD_LIBRARIES = YES;
				CODE_SIGN_STYLE = Automatic;
				CURRENT_PROJECT_VERSION = 1;
				GENERATE_INFOPLIST_FILE = YES;
				LD_RUNPATH_SEARCH_PATHS = (
					"$(inherited)",
					"@executable_path/Frameworks",
					"@loader_path/Frameworks",
				);
				MARKETING_VERSION = 1.0;
				PRODUCT_BUNDLE_IDENTIFIER = terra.TerraUITests;
				PRODUCT_NAME = "$(TARGET_NAME)";
				SWIFT_EMIT_LOC_STRINGS = NO;
				SWIFT_VERSION = 5.0;
				TARGETED_DEVICE_FAMILY = "1,2";
				TEST_TARGET_NAME = Terra;
			};
			name = Debug;
		};
		9B9A006026FC90130017C153 /* Release */ = {
			isa = XCBuildConfiguration;
			buildSettings = {
				ALWAYS_EMBED_SWIFT_STANDARD_LIBRARIES = YES;
				CODE_SIGN_STYLE = Automatic;
				CURRENT_PROJECT_VERSION = 1;
				GENERATE_INFOPLIST_FILE = YES;
				LD_RUNPATH_SEARCH_PATHS = (
					"$(inherited)",
					"@executable_path/Frameworks",
					"@loader_path/Frameworks",
				);
				MARKETING_VERSION = 1.0;
				PRODUCT_BUNDLE_IDENTIFIER = terra.TerraUITests;
				PRODUCT_NAME = "$(TARGET_NAME)";
				SWIFT_EMIT_LOC_STRINGS = NO;
				SWIFT_VERSION = 5.0;
				TARGETED_DEVICE_FAMILY = "1,2";
				TEST_TARGET_NAME = Terra;
			};
			name = Release;
		};
/* End XCBuildConfiguration section */

/* Begin XCConfigurationList section */
		9B9A002A26FC90100017C153 /* Build configuration list for PBXProject "Terra" */ = {
			isa = XCConfigurationList;
			buildConfigurations = (
				9B9A005626FC90130017C153 /* Debug */,
				9B9A005726FC90130017C153 /* Release */,
			);
			defaultConfigurationIsVisible = 0;
			defaultConfigurationName = Release;
		};
		9B9A005826FC90130017C153 /* Build configuration list for PBXNativeTarget "Terra" */ = {
			isa = XCConfigurationList;
			buildConfigurations = (
				9B9A005926FC90130017C153 /* Debug */,
				9B9A005A26FC90130017C153 /* Release */,
			);
			defaultConfigurationIsVisible = 0;
			defaultConfigurationName = Release;
		};
		9B9A005B26FC90130017C153 /* Build configuration list for PBXNativeTarget "TerraTests" */ = {
			isa = XCConfigurationList;
			buildConfigurations = (
				9B9A005C26FC90130017C153 /* Debug */,
				9B9A005D26FC90130017C153 /* Release */,
			);
			defaultConfigurationIsVisible = 0;
			defaultConfigurationName = Release;
		};
		9B9A005E26FC90130017C153 /* Build configuration list for PBXNativeTarget "TerraUITests" */ = {
			isa = XCConfigurationList;
			buildConfigurations = (
				9B9A005F26FC90130017C153 /* Debug */,
				9B9A006026FC90130017C153 /* Release */,
			);
			defaultConfigurationIsVisible = 0;
			defaultConfigurationName = Release;
		};
/* End XCConfigurationList section */

/* Begin XCVersionGroup section */
		9B9A003D26FC90130017C153 /* Terra.xcdatamodeld */ = {
			isa = XCVersionGroup;
			children = (
				9B9A003E26FC90130017C153 /* Terra.xcdatamodel */,
			);
			currentVersion = 9B9A003E26FC90130017C153 /* Terra.xcdatamodel */;
			path = Terra.xcdatamodeld;
			sourceTree = "<group>";
			versionGroupType = wrapper.xcdatamodel;
		};
/* End XCVersionGroup section */
	};
	rootObject = 9B9A002726FC90100017C153 /* Project object */;
}
